Microsoft Visual Studio Solution File, Format Version 12.00
# Visual Studio Version 17
VisualStudioVersion = 17.5.2.0
MinimumVisualStudioVersion = 10.0.40219.1
Project("{FAE04EC0-301F-11D3-BF4B-00C04F79EFBC}") = "IniciacaoBackend", "IniciacaoBackend.csproj", "{3DA39A98-E1BB-5928-0C40-2AD25BCA0A0F}"
EndProject
Global
	GlobalSection(SolutionConfigurationPlatforms) = preSolution
		Debug|Any CPU = Debug|Any CPU
		Release|Any CPU = Release|Any CPU
	EndGlobalSection
	GlobalSection(ProjectConfigurationPlatforms) = postSolution
		{3DA39A98-E1BB-5928-0C40-2AD25BCA0A0F}.Debug|Any CPU.ActiveCfg = Debug|Any CPU
		{3DA39A98-E1BB-5928-0C40-2AD25BCA0A0F}.Debug|Any CPU.Build.0 = Debug|Any CPU
		{3DA39A98-E1BB-5928-0C40-2AD25BCA0A0F}.Release|Any CPU.ActiveCfg = Release|Any CPU
		{3DA39A98-E1BB-5928-0C40-2AD25BCA0A0F}.Release|Any CPU.Build.0 = Release|Any CPU
	EndGlobalSection
	GlobalSection(SolutionProperties) = preSolution
		HideSolutionNode = FALSE
	EndGlobalSection
	GlobalSection(ExtensibilityGlobals) = postSolution
		SolutionGuid = {053FFE69-8425-4C93-8EC0-5DA30324EA9F}
	EndGlobalSection
EndGlobal
